
Microsoft Visual Studio Solution File, Format Version 12.00
# Visual Studio Version 17
VisualStudioVersion = 17.0.31903.59
MinimumVisualStudioVersion = 10.0.40219.1
Project("{2150E333-8FDC-42A3-9474-1A3956D46DE8}") = "src", "src", "{E55C4DB3-6EA8-4183-AB80-463A6ABA3CA4}"
EndProject
Project("{9A19103F-16F7-4668-BE54-9A1E7A4F7556}") = "SalesApi.Presentation", "src\SalesApi\SalesApi.Presentation\SalesApi.Presentation.csproj", "{F6BE57A5-6C7E-4171-9D6E-EE11FF905902}"
EndProject
Project("{9A19103F-16F7-4668-BE54-9A1E7A4F7556}") = "SalesApi.Application", "src\SalesApi\SalesApi.Application\SalesApi.Application.csproj", "{A1B2C3D4-E5F6-7890-1234-56789ABCDEF0}"
EndProject
Project("{9A19103F-16F7-4668-BE54-9A1E7A4F7556}") = "SalesApi.Domain", "src\SalesApi\SalesApi.Domain\SalesApi.Domain.csproj", "{B1C2D3E4-F5A6-7890-1234-56789ABCDEF1}"
EndProject
Project("{9A19103F-16F7-4668-BE54-9A1E7A4F7556}") = "SalesApi.Infrastructure", "src\SalesApi\SalesApi.Infrastructure\SalesApi.Infrastructure.csproj", "{C1D2E3F4-A5B6-7890-1234-56789ABCDEF2}"
EndProject
Project("{9A19103F-16F7-4668-BE54-9A1E7A4F7556}") = "SalesApi.Tests", "src\SalesApi\SalesApi.Tests\SalesApi.Tests.csproj", "{D1E2F3A4-B5C6-7890-1234-56789ABCDEF3}"
EndProject
Global
	GlobalSection(SolutionConfigurationPlatforms) = preSolution
		Debug|Any CPU = Debug|Any CPU
		Release|Any CPU = Release|Any CPU
	EndGlobalSection
	GlobalSection(ProjectConfigurationPlatforms) = postSolution
		{F6BE57A5-6C7E-4171-9D6E-EE11FF905902}.Debug|Any CPU.ActiveCfg = Debug|Any CPU
		{F6BE57A5-6C7E-4171-9D6E-EE11FF905902}.Debug|Any CPU.Build.0 = Debug|Any CPU
		{F6BE57A5-6C7E-4171-9D6E-EE11FF905902}.Release|Any CPU.ActiveCfg = Release|Any CPU
		{F6BE57A5-6C7E-4171-9D6E-EE11FF905902}.Release|Any CPU.Build.0 = Release|Any CPU
		{A1B2C3D4-E5F6-7890-1234-56789ABCDEF0}.Debug|Any CPU.ActiveCfg = Debug|Any CPU
		{A1B2C3D4-E5F6-7890-1234-56789ABCDEF0}.Debug|Any CPU.Build.0 = Debug|Any CPU
		{A1B2C3D4-E5F6-7890-1234-56789ABCDEF0}.Release|Any CPU.ActiveCfg = Release|Any CPU
		{A1B2C3D4-E5F6-7890-1234-56789ABCDEF0}.Release|Any CPU.Build.0 = Release|Any CPU
		{B1C2D3E4-F5A6-7890-1234-56789ABCDEF1}.Debug|Any CPU.ActiveCfg = Debug|Any CPU
		{B1C2D3E4-F5A6-7890-1234-56789ABCDEF1}.Debug|Any CPU.Build.0 = Debug|Any CPU
		{B1C2D3E4-F5A6-7890-1234-56789ABCDEF1}.Release|Any CPU.ActiveCfg = Release|Any CPU
		{B1C2D3E4-F5A6-7890-1234-56789ABCDEF1}.Release|Any CPU.Build.0 = Release|Any CPU
		{C1D2E3F4-A5B6-7890-1234-56789ABCDEF2}.Debug|Any CPU.ActiveCfg = Debug|Any CPU
		{C1D2E3F4-A5B6-7890-1234-56789ABCDEF2}.Debug|Any CPU.Build.0 = Debug|Any CPU
		{C1D2E3F4-A5B6-7890-1234-56789ABCDEF2}.Release|Any CPU.ActiveCfg = Release|Any CPU
		{C1D2E3F4-A5B6-7890-1234-56789ABCDEF2}.Release|Any CPU.Build.0 = Release|Any CPU
		{D1E2F3A4-B5C6-7890-1234-56789ABCDEF3}.Debug|Any CPU.ActiveCfg = Debug|Any CPU
		{D1E2F3A4-B5C6-7890-1234-56789ABCDEF3}.Debug|Any CPU.Build.0 = Debug|Any CPU
		{D1E2F3A4-B5C6-7890-1234-56789ABCDEF3}.Release|Any CPU.ActiveCfg = Release|Any CPU
		{D1E2F3A4-B5C6-7890-1234-56789ABCDEF3}.Release|Any CPU.Build.0 = Release|Any CPU
	EndGlobalSection
	GlobalSection(SolutionProperties) = preSolution
		HideSolutionNode = FALSE
	EndGlobalSection
	GlobalSection(NestedProjects) = preSolution
		{F6BE57A5-6C7E-4171-9D6E-EE11FF905902} = {E55C4DB3-6EA8-4183-AB80-463A6ABA3CA4}
		{A1B2C3D4-E5F6-7890-1234-56789ABCDEF0} = {E55C4DB3-6EA8-4183-AB80-463A6ABA3CA4}
		{B1C2D3E4-F5A6-7890-1234-56789ABCDEF1} = {E55C4DB3-6EA8-4183-AB80-463A6ABA3CA4}
		{C1D2E3F4-A5B6-7890-1234-56789ABCDEF2} = {E55C4DB3-6EA8-4183-AB80-463A6ABA3CA4}
		{D1E2F3A4-B5C6-7890-1234-56789ABCDEF3} = {E55C4DB3-6EA8-4183-AB80-463A6ABA3CA4}
	EndGlobalSection
EndGlobal
